// !$*UTF8*$!
{
	archiveVersion = 1;
	classes = {
	};
	objectVersion = 46;
	objects = {

/* Begin PBXBuildFile section */
		5EB5C9311A637FA900CF19C1 /* main.m in Sources */ = {isa = PBXBuildFile; fileRef = 5EB5C9301A637FA900CF19C1 /* main.m */; };
		5EB5C9341A637FA900CF19C1 /* AppDelegate.m in Sources */ = {isa = PBXBuildFile; fileRef = 5EB5C9331A637FA900CF19C1 /* AppDelegate.m */; };
		5EB5C9371A637FA900CF19C1 /* phonebook.xcdatamodeld in Sources */ = {isa = PBXBuildFile; fileRef = 5EB5C9351A637FA900CF19C1 /* phonebook.xcdatamodeld */; };
		5EB5C93F1A637FA900CF19C1 /* Images.xcassets in Resources */ = {isa = PBXBuildFile; fileRef = 5EB5C93E1A637FA900CF19C1 /* Images.xcassets */; };
		5EB5C94E1A637FA900CF19C1 /* phonebookTests.m in Sources */ = {isa = PBXBuildFile; fileRef = 5EB5C94D1A637FA900CF19C1 /* phonebookTests.m */; };
		5EB5C9661A63D25900CF19C1 /* UIImage+Ext.m in Sources */ = {isa = PBXBuildFile; fileRef = 5EB5C9651A63D25900CF19C1 /* UIImage+Ext.m */; };
		5EB5C96C1A63D3F100CF19C1 /* Main.storyboard in Resources */ = {isa = PBXBuildFile; fileRef = 5EB5C96B1A63D3F100CF19C1 /* Main.storyboard */; };
		5EB5C9731A63D45D00CF19C1 /* AddContantViewController.m in Sources */ = {isa = PBXBuildFile; fileRef = 5EB5C96E1A63D45D00CF19C1 /* AddContantViewController.m */; };
		5EB5C9741A63D45D00CF19C1 /* EditContactViewController.m in Sources */ = {isa = PBXBuildFile; fileRef = 5EB5C9701A63D45D00CF19C1 /* EditContactViewController.m */; };
		5EB5C9751A63D45D00CF19C1 /* ViewController.m in Sources */ = {isa = PBXBuildFile; fileRef = 5EB5C9721A63D45D00CF19C1 /* ViewController.m */; };
		5EB5C97C1A63D5EA00CF19C1 /* MyTableViewCell.m in Sources */ = {isa = PBXBuildFile; fileRef = 5EB5C97B1A63D5EA00CF19C1 /* MyTableViewCell.m */; };
		5EB5C9861A63D6D700CF19C1 /* KLCPopup.m in Sources */ = {isa = PBXBuildFile; fileRef = 5EB5C9851A63D6D700CF19C1 /* KLCPopup.m */; };
		5EB5C9921A63DAF200CF19C1 /* BaseObject.m in Sources */ = {isa = PBXBuildFile; fileRef = 5EB5C9891A63DAF200CF19C1 /* BaseObject.m */; };
		5EB5C9931A63DAF200CF19C1 /* BaseScrollView.m in Sources */ = {isa = PBXBuildFile; fileRef = 5EB5C98B1A63DAF200CF19C1 /* BaseScrollView.m */; };
		5EB5C9941A63DAF200CF19C1 /* BaseScrollViewController.m in Sources */ = {isa = PBXBuildFile; fileRef = 5EB5C98D1A63DAF200CF19C1 /* BaseScrollViewController.m */; };
		5EB5C9951A63DAF200CF19C1 /* BaseView.m in Sources */ = {isa = PBXBuildFile; fileRef = 5EB5C98F1A63DAF200CF19C1 /* BaseView.m */; };
		5EB5C9961A63DAF200CF19C1 /* BaseViewController.m in Sources */ = {isa = PBXBuildFile; fileRef = 5EB5C9911A63DAF200CF19C1 /* BaseViewController.m */; };
		5EB5C99C1A63DEAD00CF19C1 /* ContactObject.m in Sources */ = {isa = PBXBuildFile; fileRef = 5EB5C99B1A63DEAD00CF19C1 /* ContactObject.m */; };
		5EB5C9AB1A65092200CF19C1 /* NSObject+SBJSON.m in Sources */ = {isa = PBXBuildFile; fileRef = 5EB5C9A01A65092200CF19C1 /* NSObject+SBJSON.m */; };
		5EB5C9AC1A65092200CF19C1 /* NSString+SBJSON.m in Sources */ = {isa = PBXBuildFile; fileRef = 5EB5C9A21A65092200CF19C1 /* NSString+SBJSON.m */; };
		5EB5C9AD1A65092200CF19C1 /* SBJSON.m in Sources */ = {isa = PBXBuildFile; fileRef = 5EB5C9A41A65092200CF19C1 /* SBJSON.m */; };
		5EB5C9AE1A65092200CF19C1 /* SBJsonBase.m in Sources */ = {isa = PBXBuildFile; fileRef = 5EB5C9A61A65092200CF19C1 /* SBJsonBase.m */; };
		5EB5C9AF1A65092200CF19C1 /* SBJsonParser.m in Sources */ = {isa = PBXBuildFile; fileRef = 5EB5C9A81A65092200CF19C1 /* SBJsonParser.m */; };
		5EB5C9B01A65092200CF19C1 /* SBJsonWriter.m in Sources */ = {isa = PBXBuildFile; fileRef = 5EB5C9AA1A65092200CF19C1 /* SBJsonWriter.m */; };
/* End PBXBuildFile section */

/* Begin PBXContainerItemProxy section */
		5EB5C9481A637FA900CF19C1 /* PBXContainerItemProxy */ = {
			isa = PBXContainerItemProxy;
			containerPortal = 5EB5C9231A637FA900CF19C1 /* Project object */;
			proxyType = 1;
			remoteGlobalIDString = 5EB5C92A1A637FA900CF19C1;
			remoteInfo = phonebook;
		};
/* End PBXContainerItemProxy section */

/* Begin PBXFileReference section */
		5EB5C92B1A637FA900CF19C1 /* phonebook.app */ = {isa = PBXFileReference; explicitFileType = wrapper.application; includeInIndex = 0; path = phonebook.app; sourceTree = BUILT_PRODUCTS_DIR; };
		5EB5C92F1A637FA900CF19C1 /* Info.plist */ = {isa = PBXFileReference; lastKnownFileType = text.plist.xml; path = Info.plist; sourceTree = "<group>"; };
		5EB5C9301A637FA900CF19C1 /* main.m */ = {isa = PBXFileReference; lastKnownFileType = sourcecode.c.objc; path = main.m; sourceTree = "<group>"; };
		5EB5C9321A637FA900CF19C1 /* AppDelegate.h */ = {isa = PBXFileReference; lastKnownFileType = sourcecode.c.h; path = AppDelegate.h; sourceTree = "<group>"; };
		5EB5C9331A637FA900CF19C1 /* AppDelegate.m */ = {isa = PBXFileReference; lastKnownFileType = sourcecode.c.objc; path = AppDelegate.m; sourceTree = "<group>"; };
		5EB5C9361A637FA900CF19C1 /* phonebook.xcdatamodel */ = {isa = PBXFileReference; lastKnownFileType = wrapper.xcdatamodel; path = phonebook.xcdatamodel; sourceTree = "<group>"; };
		5EB5C93E1A637FA900CF19C1 /* Images.xcassets */ = {isa = PBXFileReference; lastKnownFileType = folder.assetcatalog; path = Images.xcassets; sourceTree = "<group>"; };
		5EB5C9471A637FA900CF19C1 /* phonebookTests.xctest */ = {isa = PBXFileReference; explicitFileType = wrapper.cfbundle; includeInIndex = 0; path = phonebookTests.xctest; sourceTree = BUILT_PRODUCTS_DIR; };
		5EB5C94C1A637FA900CF19C1 /* Info.plist */ = {isa = PBXFileReference; lastKnownFileType = text.plist.xml; path = Info.plist; sourceTree = "<group>"; };
		5EB5C94D1A637FA900CF19C1 /* phonebookTests.m */ = {isa = PBXFileReference; lastKnownFileType = sourcecode.c.objc; path = phonebookTests.m; sourceTree = "<group>"; };
		5EB5C9641A63D25900CF19C1 /* UIImage+Ext.h */ = {isa = PBXFileReference; fileEncoding = 4; lastKnownFileType = sourcecode.c.h; path = "UIImage+Ext.h"; sourceTree = "<group>"; };
		5EB5C9651A63D25900CF19C1 /* UIImage+Ext.m */ = {isa = PBXFileReference; fileEncoding = 4; lastKnownFileType = sourcecode.c.objc; path = "UIImage+Ext.m"; sourceTree = "<group>"; };
		5EB5C96B1A63D3F100CF19C1 /* Main.storyboard */ = {isa = PBXFileReference; fileEncoding = 4; lastKnownFileType = file.storyboard; path = Main.storyboard; sourceTree = "<group>"; };
		5EB5C96D1A63D45D00CF19C1 /* AddContantViewController.h */ = {isa = PBXFileReference; fileEncoding = 4; lastKnownFileType = sourcecode.c.h; path = AddContantViewController.h; sourceTree = "<group>"; };
		5EB5C96E1A63D45D00CF19C1 /* AddContantViewController.m */ = {isa = PBXFileReference; fileEncoding = 4; lastKnownFileType = sourcecode.c.objc; path = AddContantViewController.m; sourceTree = "<group>"; };
		5EB5C96F1A63D45D00CF19C1 /* EditContactViewController.h */ = {isa = PBXFileReference; fileEncoding = 4; lastKnownFileType = sourcecode.c.h; path = EditContactViewController.h; sourceTree = "<group>"; };
		5EB5C9701A63D45D00CF19C1 /* EditContactViewController.m */ = {isa = PBXFileReference; fileEncoding = 4; lastKnownFileType = sourcecode.c.objc; path = EditContactViewController.m; sourceTree = "<group>"; };
		5EB5C9711A63D45D00CF19C1 /* ViewController.h */ = {isa = PBXFileReference; fileEncoding = 4; lastKnownFileType = sourcecode.c.h; path = ViewController.h; sourceTree = "<group>"; };
		5EB5C9721A63D45D00CF19C1 /* ViewController.m */ = {isa = PBXFileReference; fileEncoding = 4; lastKnownFileType = sourcecode.c.objc; path = ViewController.m; sourceTree = "<group>"; };
		5EB5C97A1A63D5EA00CF19C1 /* MyTableViewCell.h */ = {isa = PBXFileReference; fileEncoding = 4; lastKnownFileType = sourcecode.c.h; path = MyTableViewCell.h; sourceTree = "<group>"; };
		5EB5C97B1A63D5EA00CF19C1 /* MyTableViewCell.m */ = {isa = PBXFileReference; fileEncoding = 4; lastKnownFileType = sourcecode.c.objc; path = MyTableViewCell.m; sourceTree = "<group>"; };
		5EB5C9841A63D6D700CF19C1 /* KLCPopup.h */ = {isa = PBXFileReference; fileEncoding = 4; lastKnownFileType = sourcecode.c.h; path = KLCPopup.h; sourceTree = "<group>"; };
		5EB5C9851A63D6D700CF19C1 /* KLCPopup.m */ = {isa = PBXFileReference; fileEncoding = 4; lastKnownFileType = sourcecode.c.objc; path = KLCPopup.m; sourceTree = "<group>"; };
		5EB5C9881A63DAF200CF19C1 /* BaseObject.h */ = {isa = PBXFileReference; fileEncoding = 4; lastKnownFileType = sourcecode.c.h; path = BaseObject.h; sourceTree = "<group>"; };
		5EB5C9891A63DAF200CF19C1 /* BaseObject.m */ = {isa = PBXFileReference; fileEncoding = 4; lastKnownFileType = sourcecode.c.objc; path = BaseObject.m; sourceTree = "<group>"; };
		5EB5C98A1A63DAF200CF19C1 /* BaseScrollView.h */ = {isa = PBXFileReference; fileEncoding = 4; lastKnownFileType = sourcecode.c.h; path = BaseScrollView.h; sourceTree = "<group>"; };
		5EB5C98B1A63DAF200CF19C1 /* BaseScrollView.m */ = {isa = PBXFileReference; fileEncoding = 4; lastKnownFileType = sourcecode.c.objc; path = BaseScrollView.m; sourceTree = "<group>"; };
		5EB5C98C1A63DAF200CF19C1 /* BaseScrollViewController.h */ = {isa = PBXFileReference; fileEncoding = 4; lastKnownFileType = sourcecode.c.h; path = BaseScrollViewController.h; sourceTree = "<group>"; };
		5EB5C98D1A63DAF200CF19C1 /* BaseScrollViewController.m */ = {isa = PBXFileReference; fileEncoding = 4; lastKnownFileType = sourcecode.c.objc; path = BaseScrollViewController.m; sourceTree = "<group>"; };
		5EB5C98E1A63DAF200CF19C1 /* BaseView.h */ = {isa = PBXFileReference; fileEncoding = 4; lastKnownFileType = sourcecode.c.h; path = BaseView.h; sourceTree = "<group>"; };
		5EB5C98F1A63DAF200CF19C1 /* BaseView.m */ = {isa = PBXFileReference; fileEncoding = 4; lastKnownFileType = sourcecode.c.objc; path = BaseView.m; sourceTree = "<group>"; };
		5EB5C9901A63DAF200CF19C1 /* BaseViewController.h */ = {isa = PBXFileReference; fileEncoding = 4; lastKnownFileType = sourcecode.c.h; path = BaseViewController.h; sourceTree = "<group>"; };
		5EB5C9911A63DAF200CF19C1 /* BaseViewController.m */ = {isa = PBXFileReference; fileEncoding = 4; lastKnownFileType = sourcecode.c.objc; path = BaseViewController.m; sourceTree = "<group>"; };
		5EB5C9981A63DCD500CF19C1 /* Constants.h */ = {isa = PBXFileReference; fileEncoding = 4; lastKnownFileType = sourcecode.c.h; path = Constants.h; sourceTree = "<group>"; };
		5EB5C99A1A63DEAD00CF19C1 /* ContactObject.h */ = {isa = PBXFileReference; fileEncoding = 4; lastKnownFileType = sourcecode.c.h; path = ContactObject.h; sourceTree = "<group>"; };
		5EB5C99B1A63DEAD00CF19C1 /* ContactObject.m */ = {isa = PBXFileReference; fileEncoding = 4; lastKnownFileType = sourcecode.c.objc; path = ContactObject.m; sourceTree = "<group>"; };
		5EB5C99E1A65092200CF19C1 /* JSON.h */ = {isa = PBXFileReference; fileEncoding = 4; lastKnownFileType = sourcecode.c.h; path = JSON.h; sourceTree = "<group>"; };
		5EB5C99F1A65092200CF19C1 /* NSObject+SBJSON.h */ = {isa = PBXFileReference; fileEncoding = 4; lastKnownFileType = sourcecode.c.h; path = "NSObject+SBJSON.h"; sourceTree = "<group>"; };
		5EB5C9A01A65092200CF19C1 /* NSObject+SBJSON.m */ = {isa = PBXFileReference; fileEncoding = 4; lastKnownFileType = sourcecode.c.objc; path = "NSObject+SBJSON.m"; sourceTree = "<group>"; };
		5EB5C9A11A65092200CF19C1 /* NSString+SBJSON.h */ = {isa = PBXFileReference; fileEncoding = 4; lastKnownFileType = sourcecode.c.h; path = "NSString+SBJSON.h"; sourceTree = "<group>"; };
		5EB5C9A21A65092200CF19C1 /* NSString+SBJSON.m */ = {isa = PBXFileReference; fileEncoding = 4; lastKnownFileType = sourcecode.c.objc; path = "NSString+SBJSON.m"; sourceTree = "<group>"; };
		5EB5C9A31A65092200CF19C1 /* SBJSON.h */ = {isa = PBXFileReference; fileEncoding = 4; lastKnownFileType = sourcecode.c.h; path = SBJSON.h; sourceTree = "<group>"; };
		5EB5C9A41A65092200CF19C1 /* SBJSON.m */ = {isa = PBXFileReference; fileEncoding = 4; lastKnownFileType = sourcecode.c.objc; path = SBJSON.m; sourceTree = "<group>"; };
		5EB5C9A51A65092200CF19C1 /* SBJsonBase.h */ = {isa = PBXFileReference; fileEncoding = 4; lastKnownFileType = sourcecode.c.h; path = SBJsonBase.h; sourceTree = "<group>"; };
		5EB5C9A61A65092200CF19C1 /* SBJsonBase.m */ = {isa = PBXFileReference; fileEncoding = 4; lastKnownFileType = sourcecode.c.objc; path = SBJsonBase.m; sourceTree = "<group>"; };
		5EB5C9A71A65092200CF19C1 /* SBJsonParser.h */ = {isa = PBXFileReference; fileEncoding = 4; lastKnownFileType = sourcecode.c.h; path = SBJsonParser.h; sourceTree = "<group>"; };
		5EB5C9A81A65092200CF19C1 /* SBJsonParser.m */ = {isa = PBXFileReference; fileEncoding = 4; lastKnownFileType = sourcecode.c.objc; path = SBJsonParser.m; sourceTree = "<group>"; };
		5EB5C9A91A65092200CF19C1 /* SBJsonWriter.h */ = {isa = PBXFileReference; fileEncoding = 4; lastKnownFileType = sourcecode.c.h; path = SBJsonWriter.h; sourceTree = "<group>"; };
		5EB5C9AA1A65092200CF19C1 /* SBJsonWriter.m */ = {isa = PBXFileReference; fileEncoding = 4; lastKnownFileType = sourcecode.c.objc; path = SBJsonWriter.m; sourceTree = "<group>"; };
/* End PBXFileReference section */

/* Begin PBXFrameworksBuildPhase section */
		5EB5C9281A637FA900CF19C1 /* Frameworks */ = {
			isa = PBXFrameworksBuildPhase;
			buildActionMask = 2147483647;
			files = (
			);
			runOnlyForDeploymentPostprocessing = 0;
		};
		5EB5C9441A637FA900CF19C1 /* Frameworks */ = {
			isa = PBXFrameworksBuildPhase;
			buildActionMask = 2147483647;
			files = (
			);
			runOnlyForDeploymentPostprocessing = 0;
		};
/* End PBXFrameworksBuildPhase section */

/* Begin PBXGroup section */
		5EB5C9221A637FA900CF19C1 = {
			isa = PBXGroup;
			children = (
				5EB5C92D1A637FA900CF19C1 /* phonebook */,
				5EB5C94A1A637FA900CF19C1 /* phonebookTests */,
				5EB5C92C1A637FA900CF19C1 /* Products */,
			);
			sourceTree = "<group>";
		};
		5EB5C92C1A637FA900CF19C1 /* Products */ = {
			isa = PBXGroup;
			children = (
				5EB5C92B1A637FA900CF19C1 /* phonebook.app */,
				5EB5C9471A637FA900CF19C1 /* phonebookTests.xctest */,
			);
			name = Products;
			sourceTree = "<group>";
		};
		5EB5C92D1A637FA900CF19C1 /* phonebook */ = {
			isa = PBXGroup;
			children = (
				5EB5C9991A63DE9F00CF19C1 /* Models */,
				5EB5C9971A63DCC500CF19C1 /* Commons */,
				5EB5C9871A63DAD500CF19C1 /* Base */,
				5EB5C97D1A63D65700CF19C1 /* Resources */,
				5EB5C9671A63D3B100CF19C1 /* UI */,
				5EB5C9621A63D23E00CF19C1 /* Libraries */,
				5EB5C9321A637FA900CF19C1 /* AppDelegate.h */,
				5EB5C9331A637FA900CF19C1 /* AppDelegate.m */,
				5EB5C93E1A637FA900CF19C1 /* Images.xcassets */,
				5EB5C9351A637FA900CF19C1 /* phonebook.xcdatamodeld */,
				5EB5C92E1A637FA900CF19C1 /* Supporting Files */,
			);
			path = phonebook;
			sourceTree = "<group>";
		};
		5EB5C92E1A637FA900CF19C1 /* Supporting Files */ = {
			isa = PBXGroup;
			children = (
				5EB5C92F1A637FA900CF19C1 /* Info.plist */,
				5EB5C9301A637FA900CF19C1 /* main.m */,
			);
			name = "Supporting Files";
			sourceTree = "<group>";
		};
		5EB5C94A1A637FA900CF19C1 /* phonebookTests */ = {
			isa = PBXGroup;
			children = (
				5EB5C94D1A637FA900CF19C1 /* phonebookTests.m */,
				5EB5C94B1A637FA900CF19C1 /* Supporting Files */,
			);
			path = phonebookTests;
			sourceTree = "<group>";
		};
		5EB5C94B1A637FA900CF19C1 /* Supporting Files */ = {
			isa = PBXGroup;
			children = (
				5EB5C94C1A637FA900CF19C1 /* Info.plist */,
			);
			name = "Supporting Files";
			sourceTree = "<group>";
		};
		5EB5C9621A63D23E00CF19C1 /* Libraries */ = {
			isa = PBXGroup;
			children = (
				5EB5C99D1A65092200CF19C1 /* JSON */,
				5EB5C9831A63D6D700CF19C1 /* KLCPopup */,
				5EB5C9631A63D23E00CF19C1 /* Extensions */,
			);
			path = Libraries;
			sourceTree = "<group>";
		};
		5EB5C9631A63D23E00CF19C1 /* Extensions */ = {
			isa = PBXGroup;
			children = (
				5EB5C9641A63D25900CF19C1 /* UIImage+Ext.h */,
				5EB5C9651A63D25900CF19C1 /* UIImage+Ext.m */,
			);
			path = Extensions;
			sourceTree = "<group>";
		};
		5EB5C9671A63D3B100CF19C1 /* UI */ = {
			isa = PBXGroup;
			children = (
				5EB5C9681A63D3B100CF19C1 /* Cell */,
				5EB5C9691A63D3B100CF19C1 /* Controller */,
				5EB5C96A1A63D3B100CF19C1 /* Storyboards */,
			);
			path = UI;
			sourceTree = "<group>";
		};
		5EB5C9681A63D3B100CF19C1 /* Cell */ = {
			isa = PBXGroup;
			children = (
				5EB5C97A1A63D5EA00CF19C1 /* MyTableViewCell.h */,
				5EB5C97B1A63D5EA00CF19C1 /* MyTableViewCell.m */,
			);
			path = Cell;
			sourceTree = "<group>";
		};
		5EB5C9691A63D3B100CF19C1 /* Controller */ = {
			isa = PBXGroup;
			children = (
				5EB5C96D1A63D45D00CF19C1 /* AddContantViewController.h */,
				5EB5C96E1A63D45D00CF19C1 /* AddContantViewController.m */,
				5EB5C96F1A63D45D00CF19C1 /* EditContactViewController.h */,
				5EB5C9701A63D45D00CF19C1 /* EditContactViewController.m */,
				5EB5C9711A63D45D00CF19C1 /* ViewController.h */,
				5EB5C9721A63D45D00CF19C1 /* ViewController.m */,
			);
			path = Controller;
			sourceTree = "<group>";
		};
		5EB5C96A1A63D3B100CF19C1 /* Storyboards */ = {
			isa = PBXGroup;
			children = (
				5EB5C96B1A63D3F100CF19C1 /* Main.storyboard */,
			);
			path = Storyboards;
			sourceTree = "<group>";
		};
		5EB5C97D1A63D65700CF19C1 /* Resources */ = {
			isa = PBXGroup;
			children = (
				5EB5C97E1A63D65700CF19C1 /* Data */,
				5EB5C97F1A63D65700CF19C1 /* Images */,
				5EB5C9821A63D65700CF19C1 /* languages */,
			);
			path = Resources;
			sourceTree = "<group>";
		};
		5EB5C97E1A63D65700CF19C1 /* Data */ = {
			isa = PBXGroup;
			children = (
			);
			path = Data;
			sourceTree = "<group>";
		};
		5EB5C97F1A63D65700CF19C1 /* Images */ = {
			isa = PBXGroup;
			children = (
				5EB5C9801A63D65700CF19C1 /* Background */,
				5EB5C9811A63D65700CF19C1 /* Icon */,
			);
			path = Images;
			sourceTree = "<group>";
		};
		5EB5C9801A63D65700CF19C1 /* Background */ = {
			isa = PBXGroup;
			children = (
			);
			path = Background;
			sourceTree = "<group>";
		};
		5EB5C9811A63D65700CF19C1 /* Icon */ = {
			isa = PBXGroup;
			children = (
			);
			path = Icon;
			sourceTree = "<group>";
		};
		5EB5C9821A63D65700CF19C1 /* languages */ = {
			isa = PBXGroup;
			children = (
			);
			path = languages;
			sourceTree = "<group>";
		};
		5EB5C9831A63D6D700CF19C1 /* KLCPopup */ = {
			isa = PBXGroup;
			children = (
				5EB5C9841A63D6D700CF19C1 /* KLCPopup.h */,
				5EB5C9851A63D6D700CF19C1 /* KLCPopup.m */,
			);
			path = KLCPopup;
			sourceTree = "<group>";
		};
		5EB5C9871A63DAD500CF19C1 /* Base */ = {
			isa = PBXGroup;
			children = (
				5EB5C9881A63DAF200CF19C1 /* BaseObject.h */,
				5EB5C9891A63DAF200CF19C1 /* BaseObject.m */,
				5EB5C98A1A63DAF200CF19C1 /* BaseScrollView.h */,
				5EB5C98B1A63DAF200CF19C1 /* BaseScrollView.m */,
				5EB5C98C1A63DAF200CF19C1 /* BaseScrollViewController.h */,
				5EB5C98D1A63DAF200CF19C1 /* BaseScrollViewController.m */,
				5EB5C98E1A63DAF200CF19C1 /* BaseView.h */,
				5EB5C98F1A63DAF200CF19C1 /* BaseView.m */,
				5EB5C9901A63DAF200CF19C1 /* BaseViewController.h */,
				5EB5C9911A63DAF200CF19C1 /* BaseViewController.m */,
			);
			path = Base;
			sourceTree = "<group>";
		};
		5EB5C9971A63DCC500CF19C1 /* Commons */ = {
			isa = PBXGroup;
			children = (
				5EB5C9981A63DCD500CF19C1 /* Constants.h */,
			);
			path = Commons;
			sourceTree = "<group>";
		};
		5EB5C9991A63DE9F00CF19C1 /* Models */ = {
			isa = PBXGroup;
			children = (
				5EB5C99A1A63DEAD00CF19C1 /* ContactObject.h */,
				5EB5C99B1A63DEAD00CF19C1 /* ContactObject.m */,
			);
			path = Models;
			sourceTree = "<group>";
		};
		5EB5C99D1A65092200CF19C1 /* JSON */ = {
			isa = PBXGroup;
			children = (
				5EB5C99E1A65092200CF19C1 /* JSON.h */,
				5EB5C99F1A65092200CF19C1 /* NSObject+SBJSON.h */,
				5EB5C9A01A65092200CF19C1 /* NSObject+SBJSON.m */,
				5EB5C9A11A65092200CF19C1 /* NSString+SBJSON.h */,
				5EB5C9A21A65092200CF19C1 /* NSString+SBJSON.m */,
				5EB5C9A31A65092200CF19C1 /* SBJSON.h */,
				5EB5C9A41A65092200CF19C1 /* SBJSON.m */,
				5EB5C9A51A65092200CF19C1 /* SBJsonBase.h */,
				5EB5C9A61A65092200CF19C1 /* SBJsonBase.m */,
				5EB5C9A71A65092200CF19C1 /* SBJsonParser.h */,
				5EB5C9A81A65092200CF19C1 /* SBJsonParser.m */,
				5EB5C9A91A65092200CF19C1 /* SBJsonWriter.h */,
				5EB5C9AA1A65092200CF19C1 /* SBJsonWriter.m */,
			);
			path = JSON;
			sourceTree = "<group>";
		};
/* End PBXGroup section */

/* Begin PBXNativeTarget section */
		5EB5C92A1A637FA900CF19C1 /* phonebook */ = {
			isa = PBXNativeTarget;
			buildConfigurationList = 5EB5C9511A637FA900CF19C1 /* Build configuration list for PBXNativeTarget "phonebook" */;
			buildPhases = (
				5EB5C9271A637FA900CF19C1 /* Sources */,
				5EB5C9281A637FA900CF19C1 /* Frameworks */,
				5EB5C9291A637FA900CF19C1 /* Resources */,
			);
			buildRules = (
			);
			dependencies = (
			);
			name = phonebook;
			productName = phonebook;
			productReference = 5EB5C92B1A637FA900CF19C1 /* phonebook.app */;
			productType = "com.apple.product-type.application";
		};
		5EB5C9461A637FA900CF19C1 /* phonebookTests */ = {
			isa = PBXNativeTarget;
			buildConfigurationList = 5EB5C9541A637FA900CF19C1 /* Build configuration list for PBXNativeTarget "phonebookTests" */;
			buildPhases = (
				5EB5C9431A637FA900CF19C1 /* Sources */,
				5EB5C9441A637FA900CF19C1 /* Frameworks */,
				5EB5C9451A637FA900CF19C1 /* Resources */,
			);
			buildRules = (
			);
			dependencies = (
				5EB5C9491A637FA900CF19C1 /* PBXTargetDependency */,
			);
			name = phonebookTests;
			productName = phonebookTests;
			productReference = 5EB5C9471A637FA900CF19C1 /* phonebookTests.xctest */;
			productType = "com.apple.product-type.bundle.unit-test";
		};
/* End PBXNativeTarget section */

/* Begin PBXProject section */
		5EB5C9231A637FA900CF19C1 /* Project object */ = {
			isa = PBXProject;
			attributes = {
				LastUpgradeCheck = 0600;
				ORGANIZATIONNAME = blueteam;
				TargetAttributes = {
					5EB5C92A1A637FA900CF19C1 = {
						CreatedOnToolsVersion = 6.0;
					};
					5EB5C9461A637FA900CF19C1 = {
						CreatedOnToolsVersion = 6.0;
						TestTargetID = 5EB5C92A1A637FA900CF19C1;
					};
				};
			};
			buildConfigurationList = 5EB5C9261A637FA900CF19C1 /* Build configuration list for PBXProject "phonebook" */;
			compatibilityVersion = "Xcode 3.2";
			developmentRegion = English;
			hasScannedForEncodings = 0;
			knownRegions = (
				en,
				Base,
			);
			mainGroup = 5EB5C9221A637FA900CF19C1;
			productRefGroup = 5EB5C92C1A637FA900CF19C1 /* Products */;
			projectDirPath = "";
			projectRoot = "";
			targets = (
				5EB5C92A1A637FA900CF19C1 /* phonebook */,
				5EB5C9461A637FA900CF19C1 /* phonebookTests */,
			);
		};
/* End PBXProject section */

/* Begin PBXResourcesBuildPhase section */
		5EB5C9291A637FA900CF19C1 /* Resources */ = {
			isa = PBXResourcesBuildPhase;
			buildActionMask = 2147483647;
			files = (
				5EB5C96C1A63D3F100CF19C1 /* Main.storyboard in Resources */,
				5EB5C93F1A637FA900CF19C1 /* Images.xcassets in Resources */,
			);
			runOnlyForDeploymentPostprocessing = 0;
		};
		5EB5C9451A637FA900CF19C1 /* Resources */ = {
			isa = PBXResourcesBuildPhase;
			buildActionMask = 2147483647;
			files = (
			);
			runOnlyForDeploymentPostprocessing = 0;
		};
/* End PBXResourcesBuildPhase section */

/* Begin PBXSourcesBuildPhase section */
		5EB5C9271A637FA900CF19C1 /* Sources */ = {
			isa = PBXSourcesBuildPhase;
			buildActionMask = 2147483647;
			files = (
				5EB5C9AD1A65092200CF19C1 /* SBJSON.m in Sources */,
				5EB5C9741A63D45D00CF19C1 /* EditContactViewController.m in Sources */,
				5EB5C9961A63DAF200CF19C1 /* BaseViewController.m in Sources */,
				5EB5C9861A63D6D700CF19C1 /* KLCPopup.m in Sources */,
				5EB5C9341A637FA900CF19C1 /* AppDelegate.m in Sources */,
				5EB5C9941A63DAF200CF19C1 /* BaseScrollViewController.m in Sources */,
				5EB5C9751A63D45D00CF19C1 /* ViewController.m in Sources */,
				5EB5C9B01A65092200CF19C1 /* SBJsonWriter.m in Sources */,
				5EB5C9931A63DAF200CF19C1 /* BaseScrollView.m in Sources */,
				5EB5C9AE1A65092200CF19C1 /* SBJsonBase.m in Sources */,
				5EB5C97C1A63D5EA00CF19C1 /* MyTableViewCell.m in Sources */,
				5EB5C99C1A63DEAD00CF19C1 /* ContactObject.m in Sources */,
				5EB5C9311A637FA900CF19C1 /* main.m in Sources */,
				5EB5C9731A63D45D00CF19C1 /* AddContantViewController.m in Sources */,
				5EB5C9AF1A65092200CF19C1 /* SBJsonParser.m in Sources */,
				5EB5C9951A63DAF200CF19C1 /* BaseView.m in Sources */,
				5EB5C9921A63DAF200CF19C1 /* BaseObject.m in Sources */,
				5EB5C9AC1A65092200CF19C1 /* NSString+SBJSON.m in Sources */,
				5EB5C9661A63D25900CF19C1 /* UIImage+Ext.m in Sources */,
				5EB5C9AB1A65092200CF19C1 /* NSObject+SBJSON.m in Sources */,
				5EB5C9371A637FA900CF19C1 /* phonebook.xcdatamodeld in Sources */,
			);
			runOnlyForDeploymentPostprocessing = 0;
		};
		5EB5C9431A637FA900CF19C1 /* Sources */ = {
			isa = PBXSourcesBuildPhase;
			buildActionMask = 2147483647;
			files = (
				5EB5C94E1A637FA900CF19C1 /* phonebookTests.m in Sources */,
			);
			runOnlyForDeploymentPostprocessing = 0;
		};
/* End PBXSourcesBuildPhase section */

/* Begin PBXTargetDependency section */
		5EB5C9491A637FA900CF19C1 /* PBXTargetDependency */ = {
			isa = PBXTargetDependency;
			target = 5EB5C92A1A637FA900CF19C1 /* phonebook */;
			targetProxy = 5EB5C9481A637FA900CF19C1 /* PBXContainerItemProxy */;
		};
/* End PBXTargetDependency section */

/* Begin XCBuildConfiguration section */
		5EB5C94F1A637FA900CF19C1 /* Debug */ = {
			isa = XCBuildConfiguration;
			buildSettings = {
				ALWAYS_SEARCH_USER_PATHS = NO;
				CLANG_CXX_LANGUAGE_STANDARD = "gnu++0x";
				CLANG_CXX_LIBRARY = "libc++";
				CLANG_ENABLE_MODULES = YES;
				CLANG_ENABLE_OBJC_ARC = YES;
				CLANG_WARN_BOOL_CONVERSION = YES;
				CLANG_WARN_CONSTANT_CONVERSION = YES;
				CLANG_WARN_DIRECT_OBJC_ISA_USAGE = YES_ERROR;
				CLANG_WARN_EMPTY_BODY = YES;
				CLANG_WARN_ENUM_CONVERSION = YES;
				CLANG_WARN_INT_CONVERSION = YES;
				CLANG_WARN_OBJC_ROOT_CLASS = YES_ERROR;
				CLANG_WARN_UNREACHABLE_CODE = YES;
				CLANG_WARN__DUPLICATE_METHOD_MATCH = YES;
				"CODE_SIGN_IDENTITY[sdk=iphoneos*]" = "iPhone Developer";
				COPY_PHASE_STRIP = NO;
				ENABLE_STRICT_OBJC_MSGSEND = YES;
				GCC_C_LANGUAGE_STANDARD = gnu99;
				GCC_DYNAMIC_NO_PIC = NO;
				GCC_OPTIMIZATION_LEVEL = 0;
				GCC_PREPROCESSOR_DEFINITIONS = (
					"DEBUG=1",
					"$(inherited)",
				);
				GCC_SYMBOLS_PRIVATE_EXTERN = NO;
				GCC_WARN_64_TO_32_BIT_CONVERSION = YES;
				GCC_WARN_ABOUT_RETURN_TYPE = YES_ERROR;
				GCC_WARN_UNDECLARED_SELECTOR = YES;
				GCC_WARN_UNINITIALIZED_AUTOS = YES_AGGRESSIVE;
				GCC_WARN_UNUSED_FUNCTION = YES;
				GCC_WARN_UNUSED_VARIABLE = YES;
				IPHONEOS_DEPLOYMENT_TARGET = 8.0;
				MTL_ENABLE_DEBUG_INFO = YES;
				ONLY_ACTIVE_ARCH = YES;
				SDKROOT = iphoneos;
			};
			name = Debug;
		};
		5EB5C9501A637FA900CF19C1 /* Release */ = {
			isa = XCBuildConfiguration;
			buildSettings = {
				ALWAYS_SEARCH_USER_PATHS = NO;
				CLANG_CXX_LANGUAGE_STANDARD = "gnu++0x";
				CLANG_CXX_LIBRARY = "libc++";
				CLANG_ENABLE_MODULES = YES;
				CLANG_ENABLE_OBJC_ARC = YES;
				CLANG_WARN_BOOL_CONVERSION = YES;
				CLANG_WARN_CONSTANT_CONVERSION = YES;
				CLANG_WARN_DIRECT_OBJC_ISA_USAGE = YES_ERROR;
				CLANG_WARN_EMPTY_BODY = YES;
				CLANG_WARN_ENUM_CONVERSION = YES;
				CLANG_WARN_INT_CONVERSION = YES;
				CLANG_WARN_OBJC_ROOT_CLASS = YES_ERROR;
				CLANG_WARN_UNREACHABLE_CODE = YES;
				CLANG_WARN__DUPLICATE_METHOD_MATCH = YES;
				"CODE_SIGN_IDENTITY[sdk=iphoneos*]" = "iPhone Developer";
				COPY_PHASE_STRIP = YES;
				ENABLE_NS_ASSERTIONS = NO;
				ENABLE_STRICT_OBJC_MSGSEND = YES;
				GCC_C_LANGUAGE_STANDARD = gnu99;
				GCC_WARN_64_TO_32_BIT_CONVERSION = YES;
				GCC_WARN_ABOUT_RETURN_TYPE = YES_ERROR;
				GCC_WARN_UNDECLARED_SELECTOR = YES;
				GCC_WARN_UNINITIALIZED_AUTOS = YES_AGGRESSIVE;
				GCC_WARN_UNUSED_FUNCTION = YES;
				GCC_WARN_UNUSED_VARIABLE = YES;
				IPHONEOS_DEPLOYMENT_TARGET = 8.0;
				MTL_ENABLE_DEBUG_INFO = NO;
				SDKROOT = iphoneos;
				VALIDATE_PRODUCT = YES;
			};
			name = Release;
		};
		5EB5C9521A637FA900CF19C1 /* Debug */ = {
			isa = XCBuildConfiguration;
			buildSettings = {
				ASSETCATALOG_COMPILER_APPICON_NAME = AppIcon;
				INFOPLIST_FILE = phonebook/Info.plist;
				LD_RUNPATH_SEARCH_PATHS = "$(inherited) @executable_path/Frameworks";
				PRODUCT_NAME = "$(TARGET_NAME)";
			};
			name = Debug;
		};
		5EB5C9531A637FA900CF19C1 /* Release */ = {
			isa = XCBuildConfiguration;
			buildSettings = {
				ASSETCATALOG_COMPILER_APPICON_NAME = AppIcon;
				INFOPLIST_FILE = phonebook/Info.plist;
				LD_RUNPATH_SEARCH_PATHS = "$(inherited) @executable_path/Frameworks";
				PRODUCT_NAME = "$(TARGET_NAME)";
			};
			name = Release;
		};
		5EB5C9551A637FA900CF19C1 /* Debug */ = {
			isa = XCBuildConfiguration;
			buildSettings = {
				BUNDLE_LOADER = "$(TEST_HOST)";
				FRAMEWORK_SEARCH_PATHS = (
					"$(SDKROOT)/Developer/Library/Frameworks",
					"$(inherited)",
				);
				GCC_PREPROCESSOR_DEFINITIONS = (
					"DEBUG=1",
					"$(inherited)",
				);
				INFOPLIST_FILE = phonebookTests/Info.plist;
				LD_RUNPATH_SEARCH_PATHS = "$(inherited) @executable_path/Frameworks @loader_path/Frameworks";
				PRODUCT_NAME = "$(TARGET_NAME)";
				TEST_HOST = "$(BUILT_PRODUCTS_DIR)/phonebook.app/phonebook";
			};
			name = Debug;
		};
		5EB5C9561A637FA900CF19C1 /* Release */ = {
			isa = XCBuildConfiguration;
			buildSettings = {
				BUNDLE_LOADER = "$(TEST_HOST)";
				FRAMEWORK_SEARCH_PATHS = (
					"$(SDKROOT)/Developer/Library/Frameworks",
					"$(inherited)",
				);
				INFOPLIST_FILE = phonebookTests/Info.plist;
				LD_RUNPATH_SEARCH_PATHS = "$(inherited) @executable_path/Frameworks @loader_path/Frameworks";
				PRODUCT_NAME = "$(TARGET_NAME)";
				TEST_HOST = "$(BUILT_PRODUCTS_DIR)/phonebook.app/phonebook";
			};
			name = Release;
		};
/* End XCBuildConfiguration section */

/* Begin XCConfigurationList section */
		5EB5C9261A637FA900CF19C1 /* Build configuration list for PBXProject "phonebook" */ = {
			isa = XCConfigurationList;
			buildConfigurations = (
				5EB5C94F1A637FA900CF19C1 /* Debug */,
				5EB5C9501A637FA900CF19C1 /* Release */,
			);
			defaultConfigurationIsVisible = 0;
			defaultConfigurationName = Release;
		};
		5EB5C9511A637FA900CF19C1 /* Build configuration list for PBXNativeTarget "phonebook" */ = {
			isa = XCConfigurationList;
			buildConfigurations = (
				5EB5C9521A637FA900CF19C1 /* Debug */,
				5EB5C9531A637FA900CF19C1 /* Release */,
			);
			defaultConfigurationIsVisible = 0;
			defaultConfigurationName = Release;
		};
		5EB5C9541A637FA900CF19C1 /* Build configuration list for PBXNativeTarget "phonebookTests" */ = {
			isa = XCConfigurationList;
			buildConfigurations = (
				5EB5C9551A637FA900CF19C1 /* Debug */,
				5EB5C9561A637FA900CF19C1 /* Release */,
			);
			defaultConfigurationIsVisible = 0;
			defaultConfigurationName = Release;
		};
/* End XCConfigurationList section */

/* Begin XCVersionGroup section */
		5EB5C9351A637FA900CF19C1 /* phonebook.xcdatamodeld */ = {
			isa = XCVersionGroup;
			children = (
				5EB5C9361A637FA900CF19C1 /* phonebook.xcdatamodel */,
			);
			currentVersion = 5EB5C9361A637FA900CF19C1 /* phonebook.xcdatamodel */;
			path = phonebook.xcdatamodeld;
			sourceTree = "<group>";
			versionGroupType = wrapper.xcdatamodel;
		};
/* End XCVersionGroup section */
	};
	rootObject = 5EB5C9231A637FA900CF19C1 /* Project object */;
}
